// !$*UTF8*$!
{
	archiveVersion = 1;
	classes = {
	};
	objectVersion = 46;
	objects = {

/* Begin PBXBuildFile section */
		FB84C9A11E4A9D4500EDEAF6 /* AppDelegate.swift in Sources */ = {isa = PBXBuildFile; fileRef = FB84C9A01E4A9D4500EDEAF6 /* AppDelegate.swift */; };
		FB84C9A31E4A9D4500EDEAF6 /* ViewController.swift in Sources */ = {isa = PBXBuildFile; fileRef = FB84C9A21E4A9D4500EDEAF6 /* ViewController.swift */; };
		FB84C9A61E4A9D4500EDEAF6 /* Main.storyboard in Resources */ = {isa = PBXBuildFile; fileRef = FB84C9A41E4A9D4500EDEAF6 /* Main.storyboard */; };
		FB84C9A81E4A9D4500EDEAF6 /* Assets.xcassets in Resources */ = {isa = PBXBuildFile; fileRef = FB84C9A71E4A9D4500EDEAF6 /* Assets.xcassets */; };
		FB84C9AB1E4A9D4500EDEAF6 /* LaunchScreen.storyboard in Resources */ = {isa = PBXBuildFile; fileRef = FB84C9A91E4A9D4500EDEAF6 /* LaunchScreen.storyboard */; };
/* End PBXBuildFile section */

/* Begin PBXFileReference section */
		FB84C99D1E4A9D4500EDEAF6 /* Transiciones en iOS.app */ = {isa = PBXFileReference; explicitFileType = wrapper.application; includeInIndex = 0; path = "Transiciones en iOS.app"; sourceTree = BUILT_PRODUCTS_DIR; };
		FB84C9A01E4A9D4500EDEAF6 /* AppDelegate.swift */ = {isa = PBXFileReference; lastKnownFileType = sourcecode.swift; path = AppDelegate.swift; sourceTree = "<group>"; };
		FB84C9A21E4A9D4500EDEAF6 /* ViewController.swift */ = {isa = PBXFileReference; lastKnownFileType = sourcecode.swift; path = ViewController.swift; sourceTree = "<group>"; };
		FB84C9A51E4A9D4500EDEAF6 /* Base */ = {isa = PBXFileReference; lastKnownFileType = file.storyboard; name = Base; path = Base.lproj/Main.storyboard; sourceTree = "<group>"; };
		FB84C9A71E4A9D4500EDEAF6 /* Assets.xcassets */ = {isa = PBXFileReference; lastKnownFileType = folder.assetcatalog; path = Assets.xcassets; sourceTree = "<group>"; };
		FB84C9AA1E4A9D4500EDEAF6 /* Base */ = {isa = PBXFileReference; lastKnownFileType = file.storyboard; name = Base; path = Base.lproj/LaunchScreen.storyboard; sourceTree = "<group>"; };
		FB84C9AC1E4A9D4500EDEAF6 /* Info.plist */ = {isa = PBXFileReference; lastKnownFileType = text.plist.xml; path = Info.plist; sourceTree = "<group>"; };
/* End PBXFileReference section */

/* Begin PBXFrameworksBuildPhase section */
		FB84C99A1E4A9D4500EDEAF6 /* Frameworks */ = {
			isa = PBXFrameworksBuildPhase;
			buildActionMask = 2147483647;
			files = (
			);
			runOnlyForDeploymentPostprocessing = 0;
		};
/* End PBXFrameworksBuildPhase section */

/* Begin PBXGroup section */
		FB84C9941E4A9D4500EDEAF6 = {
			isa = PBXGroup;
			children = (
				FB84C99F1E4A9D4500EDEAF6 /* Transiciones en iOS */,
				FB84C99E1E4A9D4500EDEAF6 /* Products */,
			);
			sourceTree = "<group>";
		};
		FB84C99E1E4A9D4500EDEAF6 /* Products */ = {
			isa = PBXGroup;
			children = (
				FB84C99D1E4A9D4500EDEAF6 /* Transiciones en iOS.app */,
			);
			name = Products;
			sourceTree = "<group>";
		};
		FB84C99F1E4A9D4500EDEAF6 /* Transiciones en iOS */ = {
			isa = PBXGroup;
			children = (
				FB84C9A01E4A9D4500EDEAF6 /* AppDelegate.swift */,
				FB84C9A21E4A9D4500EDEAF6 /* ViewController.swift */,
				FB84C9A41E4A9D4500EDEAF6 /* Main.storyboard */,
				FB84C9A71E4A9D4500EDEAF6 /* Assets.xcassets */,
				FB84C9A91E4A9D4500EDEAF6 /* LaunchScreen.storyboard */,
				FB84C9AC1E4A9D4500EDEAF6 /* Info.plist */,
			);
			path = "Transiciones en iOS";
			sourceTree = "<group>";
		};
/* End PBXGroup section */

/* Begin PBXNativeTarget section */
		FB84C99C1E4A9D4500EDEAF6 /* Transiciones en iOS */ = {
			isa = PBXNativeTarget;
			buildConfigurationList = FB84C9AF1E4A9D4500EDEAF6 /* Build configuration list for PBXNativeTarget "Transiciones en iOS" */;
			buildPhases = (
				FB84C9991E4A9D4500EDEAF6 /* Sources */,
				FB84C99A1E4A9D4500EDEAF6 /* Frameworks */,
				FB84C99B1E4A9D4500EDEAF6 /* Resources */,
			);
			buildRules = (
			);
			dependencies = (
			);
			name = "Transiciones en iOS";
			productName = "Transiciones en iOS";
			productReference = FB84C99D1E4A9D4500EDEAF6 /* Transiciones en iOS.app */;
			productType = "com.apple.product-type.application";
		};
/* End PBXNativeTarget section */

/* Begin PBXProject section */
		FB84C9951E4A9D4500EDEAF6 /* Project object */ = {
			isa = PBXProject;
			attributes = {
				LastSwiftUpdateCheck = 0800;
				LastUpgradeCheck = 0800;
				ORGANIZATIONNAME = alumno;
				TargetAttributes = {
					FB84C99C1E4A9D4500EDEAF6 = {
						CreatedOnToolsVersion = 8.0;
						ProvisioningStyle = Automatic;
					};
				};
			};
			buildConfigurationList = FB84C9981E4A9D4500EDEAF6 /* Build configuration list for PBXProject "Transiciones en iOS" */;
			compatibilityVersion = "Xcode 3.2";
			developmentRegion = English;
			hasScannedForEncodings = 0;
			knownRegions = (
				en,
				Base,
			);
			mainGroup = FB84C9941E4A9D4500EDEAF6;
			productRefGroup = FB84C99E1E4A9D4500EDEAF6 /* Products */;
			projectDirPath = "";
			projectRoot = "";
			targets = (
				FB84C99C1E4A9D4500EDEAF6 /* Transiciones en iOS */,
			);
		};
/* End PBXProject section */

/* Begin PBXResourcesBuildPhase section */
		FB84C99B1E4A9D4500EDEAF6 /* Resources */ = {
			isa = PBXResourcesBuildPhase;
			buildActionMask = 2147483647;
			files = (
				FB84C9AB1E4A9D4500EDEAF6 /* LaunchScreen.storyboard in Resources */,
				FB84C9A81E4A9D4500EDEAF6 /* Assets.xcassets in Resources */,
				FB84C9A61E4A9D4500EDEAF6 /* Main.storyboard in Resources */,
			);
			runOnlyForDeploymentPostprocessing = 0;
		};
/* End PBXResourcesBuildPhase section */

/* Begin PBXSourcesBuildPhase section */
		FB84C9991E4A9D4500EDEAF6 /* Sources */ = {
			isa = PBXSourcesBuildPhase;
			buildActionMask = 2147483647;
			files = (
				FB84C9A31E4A9D4500EDEAF6 /* ViewController.swift in Sources */,
				FB84C9A11E4A9D4500EDEAF6 /* AppDelegate.swift in Sources */,
			);
			runOnlyForDeploymentPostprocessing = 0;
		};
/* End PBXSourcesBuildPhase section */

/* Begin PBXVariantGroup section */
		FB84C9A41E4A9D4500EDEAF6 /* Main.storyboard */ = {
			isa = PBXVariantGroup;
			children = (
				FB84C9A51E4A9D4500EDEAF6 /* Base */,
			);
			name = Main.storyboard;
			sourceTree = "<group>";
		};
		FB84C9A91E4A9D4500EDEAF6 /* LaunchScreen.storyboard */ = {
			isa = PBXVariantGroup;
			children = (
				FB84C9AA1E4A9D4500EDEAF6 /* Base */,
			);
			name = LaunchScreen.storyboard;
			sourceTree = "<group>";
		};
/* End PBXVariantGroup section */

/* Begin XCBuildConfiguration section */
		FB84C9AD1E4A9D4500EDEAF6 /* Debug */ = {
			isa = XCBuildConfiguration;
			buildSettings = {
				ALWAYS_SEARCH_USER_PATHS = NO;
				CLANG_ANALYZER_NONNULL = YES;
				CLANG_CXX_LANGUAGE_STANDARD = "gnu++0x";
				CLANG_CXX_LIBRARY = "libc++";
				CLANG_ENABLE_MODULES = YES;
				CLANG_ENABLE_OBJC_ARC = YES;
				CLANG_WARN_BOOL_CONVERSION = YES;
				CLANG_WARN_CONSTANT_CONVERSION = YES;
				CLANG_WARN_DIRECT_OBJC_ISA_USAGE = YES_ERROR;
				CLANG_WARN_DOCUMENTATION_COMMENTS = YES;
				CLANG_WARN_EMPTY_BODY = YES;
				CLANG_WARN_ENUM_CONVERSION = YES;
				CLANG_WARN_INFINITE_RECURSION = YES;
				CLANG_WARN_INT_CONVERSION = YES;
				CLANG_WARN_OBJC_ROOT_CLASS = YES_ERROR;
				CLANG_WARN_SUSPICIOUS_MOVES = YES;
				CLANG_WARN_UNREACHABLE_CODE = YES;
				CLANG_WARN__DUPLICATE_METHOD_MATCH = YES;
				"CODE_SIGN_IDENTITY[sdk=iphoneos*]" = "iPhone Developer";
				COPY_PHASE_STRIP = NO;
				DEBUG_INFORMATION_FORMAT = dwarf;
				ENABLE_STRICT_OBJC_MSGSEND = YES;
				ENABLE_TESTABILITY = YES;
				GCC_C_LANGUAGE_STANDARD = gnu99;
				GCC_DYNAMIC_NO_PIC = NO;
				GCC_NO_COMMON_BLOCKS = YES;
				GCC_OPTIMIZATION_LEVEL = 0;
				GCC_PREPROCESSOR_DEFINITIONS = (
					"DEBUG=1",
					"$(inherited)",
				);
				GCC_WARN_64_TO_32_BIT_CONVERSION = YES;
				GCC_WARN_ABOUT_RETURN_TYPE = YES_ERROR;
				GCC_WARN_UNDECLARED_SELECTOR = YES;
				GCC_WARN_UNINITIALIZED_AUTOS = YES_AGGRESSIVE;
				GCC_WARN_UNUSED_FUNCTION = YES;
				GCC_WARN_UNUSED_VARIABLE = YES;
				IPHONEOS_DEPLOYMENT_TARGET = 10.0;
				MTL_ENABLE_DEBUG_INFO = YES;
				ONLY_ACTIVE_ARCH = YES;
				SDKROOT = iphoneos;
				SWIFT_ACTIVE_COMPILATION_CONDITIONS = DEBUG;
				SWIFT_OPTIMIZATION_LEVEL = "-Onone";
			};
			name = Debug;
		};
		FB84C9AE1E4A9D4500EDEAF6 /* Release */ = {
			isa = XCBuildConfiguration;
			buildSettings = {
				ALWAYS_SEARCH_USER_PATHS = NO;
				CLANG_ANALYZER_NONNULL = YES;
				CLANG_CXX_LANGUAGE_STANDARD = "gnu++0x";
				CLANG_CXX_LIBRARY = "libc++";
				CLANG_ENABLE_MODULES = YES;
				CLANG_ENABLE_OBJC_ARC = YES;
				CLANG_WARN_BOOL_CONVERSION = YES;
				CLANG_WARN_CONSTANT_CONVERSION = YES;
				CLANG_WARN_DIRECT_OBJC_ISA_USAGE = YES_ERROR;
				CLANG_WARN_DOCUMENTATION_COMMENTS = YES;
				CLANG_WARN_EMPTY_BODY = YES;
				CLANG_WARN_ENUM_CONVERSION = YES;
				CLANG_WARN_INFINITE_RECURSION = YES;
				CLANG_WARN_INT_CONVERSION = YES;
				CLANG_WARN_OBJC_ROOT_CLASS = YES_ERROR;
				CLANG_WARN_SUSPICIOUS_MOVES = YES;
				CLANG_WARN_UNREACHABLE_CODE = YES;
				CLANG_WARN__DUPLICATE_METHOD_MATCH = YES;
				"CODE_SIGN_IDENTITY[sdk=iphoneos*]" = "iPhone Developer";
				COPY_PHASE_STRIP = NO;
				DEBUG_INFORMATION_FORMAT = "dwarf-with-dsym";
				ENABLE_NS_ASSERTIONS = NO;
				ENABLE_STRICT_OBJC_MSGSEND = YES;
				GCC_C_LANGUAGE_STANDARD = gnu99;
				GCC_NO_COMMON_BLOCKS = YES;
				GCC_WARN_64_TO_32_BIT_CONVERSION = YES;
				GCC_WARN_ABOUT_RETURN_TYPE = YES_ERROR;
				GCC_WARN_UNDECLARED_SELECTOR = YES;
				GCC_WARN_UNINITIALIZED_AUTOS = YES_AGGRESSIVE;
				GCC_WARN_UNUSED_FUNCTION = YES;
				GCC_WARN_UNUSED_VARIABLE = YES;
				IPHONEOS_DEPLOYMENT_TARGET = 10.0;
				MTL_ENABLE_DEBUG_INFO = NO;
				SDKROOT = iphoneos;
				SWIFT_OPTIMIZATION_LEVEL = "-Owholemodule";
				VALIDATE_PRODUCT = YES;
			};
			name = Release;
		};
		FB84C9B01E4A9D4500EDEAF6 /* Debug */ = {
			isa = XCBuildConfiguration;
			buildSettings = {
				ASSETCATALOG_COMPILER_APPICON_NAME = AppIcon;
				INFOPLIST_FILE = "Transiciones en iOS/Info.plist";
				LD_RUNPATH_SEARCH_PATHS = "$(inherited) @executable_path/Frameworks";
				PRODUCT_BUNDLE_IDENTIFIER = "pe.sulca.Transiciones-en-iOS";
				PRODUCT_NAME = "$(TARGET_NAME)";
				SWIFT_VERSION = 3.0;
			};
			name = Debug;
		};
		FB84C9B11E4A9D4500EDEAF6 /* Release */ = {
			isa = XCBuildConfiguration;
			buildSettings = {
				ASSETCATALOG_COMPILER_APPICON_NAME = AppIcon;
				INFOPLIST_FILE = "Transiciones en iOS/Info.plist";
				LD_RUNPATH_SEARCH_PATHS = "$(inherited) @executable_path/Frameworks";
				PRODUCT_BUNDLE_IDENTIFIER = "pe.sulca.Transiciones-en-iOS";
				PRODUCT_NAME = "$(TARGET_NAME)";
				SWIFT_VERSION = 3.0;
			};
			name = Release;
		};
/* End XCBuildConfiguration section */

/* Begin XCConfigurationList section */
		FB84C9981E4A9D4500EDEAF6 /* Build configuration list for PBXProject "Transiciones en iOS" */ = {
			isa = XCConfigurationList;
			buildConfigurations = (
				FB84C9AD1E4A9D4500EDEAF6 /* Debug */,
				FB84C9AE1E4A9D4500EDEAF6 /* Release */,
			);
			defaultConfigurationIsVisible = 0;
			defaultConfigurationName = Release;
		};
		FB84C9AF1E4A9D4500EDEAF6 /* Build configuration list for PBXNativeTarget "Transiciones en iOS" */ = {
			isa = XCConfigurationList;
			buildConfigurations = (
				FB84C9B01E4A9D4500EDEAF6 /* Debug */,
				FB84C9B11E4A9D4500EDEAF6 /* Release */,
			);
			defaultConfigurationIsVisible = 0;
		};
/* End XCConfigurationList section */
	};
	rootObject = FB84C9951E4A9D4500EDEAF6 /* Project object */;
}
